
Microsoft Visual Studio Solution File, Format Version 12.00
# Visual Studio Version 16
VisualStudioVersion = 16.0.30804.86
MinimumVisualStudioVersion = 10.0.40219.1
Project("{FAE04EC0-301F-11D3-BF4B-00C04F79EFBC}") = "CrossAssemblyAnalysisMissing", "CrossAssemblyAnalysisMissing\CrossAssemblyAnalysisMissing.csproj", "{5876A12F-3561-4B08-8952-6A520E97A61C}"
EndProject
Project("{2150E333-8FDC-42A3-9474-1A3956D46DE8}") = "Solution Items", "Solution Items", "{32E63AD2-DA0A-4029-A679-B5D1FF12EA60}"
	ProjectSection(SolutionItems) = preProject
		.editorconfig = .editorconfig
	EndProjectSection
EndProject
Project("{FAE04EC0-301F-11D3-BF4B-00C04F79EFBC}") = "PureAssembly", "PureAssembly\PureAssembly.csproj", "{C4D30E4D-0840-4B99-87CE-CA847CF8E145}"
EndProject
Global
	GlobalSection(SolutionConfigurationPlatforms) = preSolution
		Debug|Any CPU = Debug|Any CPU
		Release|Any CPU = Release|Any CPU
	EndGlobalSection
	GlobalSection(ProjectConfigurationPlatforms) = postSolution
		{5876A12F-3561-4B08-8952-6A520E97A61C}.Debug|Any CPU.ActiveCfg = Debug|Any CPU
		{5876A12F-3561-4B08-8952-6A520E97A61C}.Debug|Any CPU.Build.0 = Debug|Any CPU
		{5876A12F-3561-4B08-8952-6A520E97A61C}.Release|Any CPU.ActiveCfg = Release|Any CPU
		{5876A12F-3561-4B08-8952-6A520E97A61C}.Release|Any CPU.Build.0 = Release|Any CPU
		{C4D30E4D-0840-4B99-87CE-CA847CF8E145}.Debug|Any CPU.ActiveCfg = Debug|Any CPU
		{C4D30E4D-0840-4B99-87CE-CA847CF8E145}.Debug|Any CPU.Build.0 = Debug|Any CPU
		{C4D30E4D-0840-4B99-87CE-CA847CF8E145}.Release|Any CPU.ActiveCfg = Release|Any CPU
		{C4D30E4D-0840-4B99-87CE-CA847CF8E145}.Release|Any CPU.Build.0 = Release|Any CPU
	EndGlobalSection
	GlobalSection(SolutionProperties) = preSolution
		HideSolutionNode = FALSE
	EndGlobalSection
	GlobalSection(ExtensibilityGlobals) = postSolution
		SolutionGuid = {51BD99CA-B133-416B-94F5-806466E04FE3}
	EndGlobalSection
EndGlobal
